
Microsoft Visual Studio Solution File, Format Version 11.00
# Visual Studio 2010
Project("{FAE04EC0-301F-11D3-BF4B-00C04F79EFBC}") = "Assembly-CSharp", "Assembly-CSharp.csproj", "{BEE49E12-188E-F003-5564-5F1BD69E9087}"
EndProject
Project("{FAE04EC0-301F-11D3-BF4B-00C04F79EFBC}") = "Assembly-CSharp-firstpass", "Assembly-CSharp-firstpass.csproj", "{AB888F4A-CB20-1F16-78CB-90053B0EFA08}"
EndProject
Global
	GlobalSection(SolutionConfigurationPlatforms) = preSolution
		Debug|Any CPU = Debug|Any CPU
		Release|Any CPU = Release|Any CPU
	EndGlobalSection
	GlobalSection(ProjectConfigurationPlatforms) = postSolution
		{BEE49E12-188E-F003-5564-5F1BD69E9087}.Debug|Any CPU.ActiveCfg = Debug|Any CPU
		{BEE49E12-188E-F003-5564-5F1BD69E9087}.Debug|Any CPU.Build.0 = Debug|Any CPU
		{BEE49E12-188E-F003-5564-5F1BD69E9087}.Release|Any CPU.ActiveCfg = Release|Any CPU
		{BEE49E12-188E-F003-5564-5F1BD69E9087}.Release|Any CPU.Build.0 = Release|Any CPU
		{AB888F4A-CB20-1F16-78CB-90053B0EFA08}.Debug|Any CPU.ActiveCfg = Debug|Any CPU
		{AB888F4A-CB20-1F16-78CB-90053B0EFA08}.Debug|Any CPU.Build.0 = Debug|Any CPU
		{AB888F4A-CB20-1F16-78CB-90053B0EFA08}.Release|Any CPU.ActiveCfg = Release|Any CPU
		{AB888F4A-CB20-1F16-78CB-90053B0EFA08}.Release|Any CPU.Build.0 = Release|Any CPU
	EndGlobalSection
	GlobalSection(SolutionProperties) = preSolution
		HideSolutionNode = FALSE
	EndGlobalSection
EndGlobal
